
Microsoft Visual Studio Solution File, Format Version 12.00
# Visual Studio Version 16
VisualStudioVersion = 16.0.31729.503
MinimumVisualStudioVersion = 10.0.40219.1
Project("{FAE04EC0-301F-11D3-BF4B-00C04F79EFBC}") = "ACCusotmerService", "ACCusotmerService\ACCusotmerService.csproj", "{30F02524-E4EE-4FAA-8DF2-07C92C0827F8}"
EndProject
Project("{FAE04EC0-301F-11D3-BF4B-00C04F79EFBC}") = "BAL", "BAL\BAL.csproj", "{C9E569B4-8425-44DD-8659-70B4C10ACF66}"
EndProject
Project("{FAE04EC0-301F-11D3-BF4B-00C04F79EFBC}") = "DataAccessLayer", "DataAccessLayer\DataAccessLayer.csproj", "{AF6AE714-9DBC-4EB1-8C47-BE34D4F6EE82}"
EndProject
Project("{FAE04EC0-301F-11D3-BF4B-00C04F79EFBC}") = "EntityModel", "EntityModel\EntityModel.csproj", "{B20CDA0F-F214-481D-A73A-F8F190BFE21D}"
EndProject
Global
	GlobalSection(SolutionConfigurationPlatforms) = preSolution
		Debug|Any CPU = Debug|Any CPU
		Release|Any CPU = Release|Any CPU
	EndGlobalSection
	GlobalSection(ProjectConfigurationPlatforms) = postSolution
		{30F02524-E4EE-4FAA-8DF2-07C92C0827F8}.Debug|Any CPU.ActiveCfg = Debug|Any CPU
		{30F02524-E4EE-4FAA-8DF2-07C92C0827F8}.Debug|Any CPU.Build.0 = Debug|Any CPU
		{30F02524-E4EE-4FAA-8DF2-07C92C0827F8}.Release|Any CPU.ActiveCfg = Release|Any CPU
		{30F02524-E4EE-4FAA-8DF2-07C92C0827F8}.Release|Any CPU.Build.0 = Release|Any CPU
		{C9E569B4-8425-44DD-8659-70B4C10ACF66}.Debug|Any CPU.ActiveCfg = Debug|Any CPU
		{C9E569B4-8425-44DD-8659-70B4C10ACF66}.Debug|Any CPU.Build.0 = Debug|Any CPU
		{C9E569B4-8425-44DD-8659-70B4C10ACF66}.Release|Any CPU.ActiveCfg = Release|Any CPU
		{C9E569B4-8425-44DD-8659-70B4C10ACF66}.Release|Any CPU.Build.0 = Release|Any CPU
		{AF6AE714-9DBC-4EB1-8C47-BE34D4F6EE82}.Debug|Any CPU.ActiveCfg = Debug|Any CPU
		{AF6AE714-9DBC-4EB1-8C47-BE34D4F6EE82}.Debug|Any CPU.Build.0 = Debug|Any CPU
		{AF6AE714-9DBC-4EB1-8C47-BE34D4F6EE82}.Release|Any CPU.ActiveCfg = Release|Any CPU
		{AF6AE714-9DBC-4EB1-8C47-BE34D4F6EE82}.Release|Any CPU.Build.0 = Release|Any CPU
		{B20CDA0F-F214-481D-A73A-F8F190BFE21D}.Debug|Any CPU.ActiveCfg = Debug|Any CPU
		{B20CDA0F-F214-481D-A73A-F8F190BFE21D}.Debug|Any CPU.Build.0 = Debug|Any CPU
		{B20CDA0F-F214-481D-A73A-F8F190BFE21D}.Release|Any CPU.ActiveCfg = Release|Any CPU
		{B20CDA0F-F214-481D-A73A-F8F190BFE21D}.Release|Any CPU.Build.0 = Release|Any CPU
	EndGlobalSection
	GlobalSection(SolutionProperties) = preSolution
		HideSolutionNode = FALSE
	EndGlobalSection
	GlobalSection(ExtensibilityGlobals) = postSolution
		SolutionGuid = {997884D7-F4C6-4F4D-9E13-AD0ECCD90308}
	EndGlobalSection
EndGlobal
